{
    "projects": [
        {
            "projectId": "quwQo95zDfdBFMtbz7jPTa",
            "version": "latest",
            "dependencies": {},
            "lang": "ts",
            "fileLocks": [
                {
                    "type": "globalVariant",
                    "assetId": "X87MYu1PlhBo3",
                    "checksum": "a643b2f363a00970b49ad989d2470c64"
                },
                {
                    "type": "renderModule",
                    "assetId": "o0Y7zjg91qE8",
                    "checksum": "a3ee18b156eb3fb930da76a5df7235d9"
                },
                {
                    "type": "cssRules",
                    "assetId": "o0Y7zjg91qE8",
                    "checksum": "a3ee18b156eb3fb930da76a5df7235d9"
                },
                {
                    "type": "renderModule",
                    "assetId": "cSQMAe0reF",
                    "checksum": "eaaedbc9bc64b80888d0f754fd8f3009"
                },
                {
                    "type": "cssRules",
                    "assetId": "cSQMAe0reF",
                    "checksum": "eaaedbc9bc64b80888d0f754fd8f3009"
                },
                {
                    "type": "renderModule",
                    "assetId": "RTxR7eGbCO",
                    "checksum": "9726aa891a2f0bb50648417c14f74f00"
                },
                {
                    "type": "cssRules",
                    "assetId": "RTxR7eGbCO",
                    "checksum": "9726aa891a2f0bb50648417c14f74f00"
                },
                {
                    "type": "renderModule",
                    "assetId": "j_YCk93j1o",
                    "checksum": "b09942add9f3a65d9d5cad42bab4e031"
                },
                {
                    "type": "cssRules",
                    "assetId": "j_YCk93j1o",
                    "checksum": "b09942add9f3a65d9d5cad42bab4e031"
                },
                {
                    "type": "renderModule",
                    "assetId": "7KMCgFx4JT",
                    "checksum": "041f250168a1529ef5aa10475c969fb9"
                },
                {
                    "type": "cssRules",
                    "assetId": "7KMCgFx4JT",
                    "checksum": "041f250168a1529ef5aa10475c969fb9"
                },
                {
                    "type": "renderModule",
                    "assetId": "p_FCLC3X1L",
                    "checksum": "eb14c7210f1eb00cb80286341fce4f8d"
                },
                {
                    "type": "cssRules",
                    "assetId": "p_FCLC3X1L",
                    "checksum": "eb14c7210f1eb00cb80286341fce4f8d"
                },
                {
                    "type": "icon",
                    "assetId": "_JYn_hvct4",
                    "checksum": "393a721e8b6f3d9787d285238a41e715"
                },
                {
                    "type": "icon",
                    "assetId": "v-4VAvBIyg",
                    "checksum": "7fe1c49842ab4e0b8058034de4e866d1"
                },
                {
                    "type": "icon",
                    "assetId": "KIsXGV_sZV",
                    "checksum": "fb9714633008fb3548e90d1867b44d12"
                },
                {
                    "type": "icon",
                    "assetId": "AiBjhaw1Qt",
                    "checksum": "ff69ddd56b91493d9add79795bdbebd5"
                },
                {
                    "type": "icon",
                    "assetId": "48Me59kHTSt",
                    "checksum": "4ef5d89b152f001d13f67ba2afc41df2"
                },
                {
                    "type": "icon",
                    "assetId": "KDhbhCYbVxr",
                    "checksum": "b449ce33539d1da02fd21d2d78993e18"
                },
                {
                    "type": "icon",
                    "assetId": "lthadiqyX32",
                    "checksum": "65ea50b7b68089a063014f30acbdee5f"
                },
                {
                    "type": "icon",
                    "assetId": "YKI3zxAmSYQ",
                    "checksum": "73025574628d4009f4318aacb9da3d2b"
                },
                {
                    "type": "icon",
                    "assetId": "CyceAvFD-oi",
                    "checksum": "ded65e03e1c24458e0350275467a56b2"
                },
                {
                    "type": "icon",
                    "assetId": "ShurLt1-y4q",
                    "checksum": "b163010b5e5779e55a1d4cb236c8614b"
                },
                {
                    "type": "icon",
                    "assetId": "BwRzRFBIAs",
                    "checksum": "07890c844c5c8e200d496547f9feb7a5"
                },
                {
                    "type": "image",
                    "assetId": "R9jHTXXETY",
                    "checksum": "5d7dee7383ebab111cc8293f7f1b20a8"
                },
                {
                    "type": "image",
                    "assetId": "FSBNfmIual",
                    "checksum": "08146906ca26d474d3f1ce036bf35c65"
                },
                {
                    "type": "image",
                    "assetId": "Al63VGcE7eV",
                    "checksum": "72c27e6bb71efb9cea4a363e140080fd"
                },
                {
                    "type": "image",
                    "assetId": "5WTLR0PAwcc",
                    "checksum": "521b28c8d2a44c28b7a234c4dd749806"
                },
                {
                    "assetId": "quwQo95zDfdBFMtbz7jPTa",
                    "type": "projectCss",
                    "checksum": "538bac99e32359f24666f8942ef4524d"
                },
                {
                    "type": "renderModule",
                    "assetId": "gfQV_fY2gI",
                    "checksum": "3fce7cce90f0ba481a4f9c6558431a6b"
                },
                {
                    "type": "cssRules",
                    "assetId": "gfQV_fY2gI",
                    "checksum": "3fce7cce90f0ba481a4f9c6558431a6b"
                },
                {
                    "type": "icon",
                    "assetId": "6HumlPegV_",
                    "checksum": "beb60a8e6054e8697b2c2e65f0a26a61"
                },
                {
                    "type": "icon",
                    "assetId": "IHJlVtaRri",
                    "checksum": "e80a78be964b64d6e6771465a207a94b"
                }
            ],
            "codegenVersion": "0.0.1"
        }
    ],
    "cliVersion": "0.1.178"
}
